{
  "name": "17disney-web",
  "version": "0.6.5",
  "lockfileVersion": 1,
  "requires": true,
  "dependencies": {
    "ajv": {
      "version": "6.5.2",
      "resolved": "http://r.cnpmjs.org/ajv/download/ajv-6.5.2.tgz",
      "integrity": "sha1-Z4SV+bgvfMpr4kjdkvWb/14fQ2A=",
      "dev": true,
      "requires": {
        "fast-deep-equal": "2.0.1",
        "fast-json-stable-stringify": "2.0.0",
        "json-schema-traverse": "0.4.1",
        "uri-js": "4.2.2"
      }
    },
    "ajv-keywords": {
      "version": "3.2.0",
      "resolved": "http://r.cnpmjs.org/ajv-keywords/download/ajv-keywords-3.2.0.tgz",
      "integrity": "sha1-6GuBnGAs+IIa1jdBNpjx3sAhhHo=",
      "dev": true
    },
    "ansi-styles": {
      "version": "3.2.1",
      "resolved": "http://r.cnpmjs.org/ansi-styles/download/ansi-styles-3.2.1.tgz",
      "integrity": "sha1-QfuyAkPlCxK+DwS43tvwdSDOhB0=",
      "dev": true,
      "requires": {
        "color-convert": "1.9.2"
      }
    },
    "argparse": {
      "version": "1.0.10",
      "resolved": "http://r.cnpmjs.org/argparse/download/argparse-1.0.10.tgz",
      "integrity": "sha1-vNZ5HqWuCXJeF+WtmIE0zUCz2RE=",
      "dev": true,
      "requires": {
        "sprintf-js": "1.0.3"
      }
    },
    "async-validator": {
      "version": "1.8.5",
      "resolved": "http://r.cnpmjs.org/async-validator/download/async-validator-1.8.5.tgz",
      "integrity": "sha1-3D4I7B/Q3dtn5ghC8CwM0c7G1/A=",
      "requires": {
        "babel-runtime": "6.26.0"
      }
    },
    "axios": {
      "version": "0.18.0",
      "resolved": "http://r.cnpmjs.org/axios/download/axios-0.18.0.tgz",
      "integrity": "sha1-MtU+SFHv3AoRmTts0AB4nXDAUQI=",
      "requires": {
        "follow-redirects": "1.5.1",
        "is-buffer": "1.1.6"
      }
    },
    "babel-helper-vue-jsx-merge-props": {
      "version": "2.0.3",
      "resolved": "http://r.cnpmjs.org/babel-helper-vue-jsx-merge-props/download/babel-helper-vue-jsx-merge-props-2.0.3.tgz",
      "integrity": "sha1-Iq69OzOQIyjlEyk6jkmSs4T58bY="
    },
    "babel-runtime": {
      "version": "6.26.0",
      "resolved": "http://r.cnpmjs.org/babel-runtime/download/babel-runtime-6.26.0.tgz",
      "integrity": "sha1-llxwWGaOgrVde/4E/yM3vItWR/4=",
      "requires": {
        "core-js": "2.5.7",
        "regenerator-runtime": "0.11.1"
      }
    },
    "big.js": {
      "version": "3.2.0",
      "resolved": "http://r.cnpmjs.org/big.js/download/big.js-3.2.0.tgz",
      "integrity": "sha1-pfwpi4G54Nyi5FiCR4S2XFK6WI4=",
      "dev": true
    },
    "chalk": {
      "version": "2.4.1",
      "resolved": "http://r.cnpmjs.org/chalk/download/chalk-2.4.1.tgz",
      "integrity": "sha1-GMSasWoDe26wFSzIPjRxM4IVtm4=",
      "dev": true,
      "requires": {
        "ansi-styles": "3.2.1",
        "escape-string-regexp": "1.0.5",
        "supports-color": "5.4.0"
      }
    },
    "color-convert": {
      "version": "1.9.2",
      "resolved": "http://r.cnpmjs.org/color-convert/download/color-convert-1.9.2.tgz",
      "integrity": "sha1-SYgbj7pn3xKpa98/VsCqueeRMUc=",
      "dev": true,
      "requires": {
        "color-name": "1.1.1"
      }
    },
    "color-name": {
      "version": "1.1.1",
      "resolved": "http://r.cnpmjs.org/color-name/download/color-name-1.1.1.tgz",
      "integrity": "sha1-SxQVMEz1ACjqgWQ2Q72C6gWANok=",
      "dev": true
    },
    "core-js": {
      "version": "2.5.7",
      "resolved": "http://r.cnpmjs.org/core-js/download/core-js-2.5.7.tgz",
      "integrity": "sha1-+XJgj/DOrWi4QaFqky0LGDeRgU4="
    },
    "cosmiconfig": {
      "version": "4.0.0",
      "resolved": "http://r.cnpmjs.org/cosmiconfig/download/cosmiconfig-4.0.0.tgz",
      "integrity": "sha1-dgORVJWAu9LfHlYrwXexPCkJctw=",
      "dev": true,
      "requires": {
        "is-directory": "0.3.1",
        "js-yaml": "3.12.0",
        "parse-json": "4.0.0",
        "require-from-string": "2.0.2"
      }
    },
    "debug": {
      "version": "3.1.0",
      "resolved": "http://r.cnpmjs.org/debug/download/debug-3.1.0.tgz",
      "integrity": "sha1-W7WgZyYotkFJVmuhaBnmFRjGcmE=",
      "requires": {
        "ms": "2.0.0"
      }
    },
    "deepmerge": {
      "version": "1.5.2",
      "resolved": "http://r.cnpmjs.org/deepmerge/download/deepmerge-1.5.2.tgz",
      "integrity": "sha1-EEmdhohEza1P7ghC34x/bwyVp1M="
    },
    "echarts": {
      "version": "4.1.0",
      "resolved": "http://r.cnpmjs.org/echarts/download/echarts-4.1.0.tgz",
      "integrity": "sha1-1YjJX3PBqZKLnHPVt2l1HDGFvNw=",
      "requires": {
        "zrender": "4.0.4"
      }
    },
    "element-ui": {
      "version": "2.4.5",
      "resolved": "http://r.cnpmjs.org/element-ui/download/element-ui-2.4.5.tgz",
      "integrity": "sha1-yh0Pw/bsC1yipxdlXmd4qOJMpnM=",
      "requires": {
        "async-validator": "1.8.5",
        "babel-helper-vue-jsx-merge-props": "2.0.3",
        "deepmerge": "1.5.2",
        "normalize-wheel": "1.0.1",
        "resize-observer-polyfill": "1.5.0",
        "throttle-debounce": "1.1.0"
      }
    },
    "emojis-list": {
      "version": "2.1.0",
      "resolved": "http://r.cnpmjs.org/emojis-list/download/emojis-list-2.1.0.tgz",
      "integrity": "sha1-TapNnbAPmBmIDHn6RXrlsJof04k=",
      "dev": true
    },
    "error-ex": {
      "version": "1.3.2",
      "resolved": "http://r.cnpmjs.org/error-ex/download/error-ex-1.3.2.tgz",
      "integrity": "sha1-tKxAZIEH/c3PriQvQovqihTU8b8=",
      "dev": true,
      "requires": {
        "is-arrayish": "0.2.1"
      }
    },
    "escape-string-regexp": {
      "version": "1.0.5",
      "resolved": "http://r.cnpmjs.org/escape-string-regexp/download/escape-string-regexp-1.0.5.tgz",
      "integrity": "sha1-G2HAViGQqN/2rjuyzwIAyhMLhtQ=",
      "dev": true
    },
    "esprima": {
      "version": "4.0.1",
      "resolved": "http://r.cnpmjs.org/esprima/download/esprima-4.0.1.tgz",
      "integrity": "sha1-E7BM2z5sXRnfkatph6hpVhmwqnE=",
      "dev": true
    },
    "fast-deep-equal": {
      "version": "2.0.1",
      "resolved": "http://r.cnpmjs.org/fast-deep-equal/download/fast-deep-equal-2.0.1.tgz",
      "integrity": "sha1-ewUhjd+WZ79/Nwv3/bLLFf3Qqkk=",
      "dev": true
    },
    "fast-json-stable-stringify": {
      "version": "2.0.0",
      "resolved": "http://r.cnpmjs.org/fast-json-stable-stringify/download/fast-json-stable-stringify-2.0.0.tgz",
      "integrity": "sha1-1RQsDK7msRifh9OnYREGT4bIu/I=",
      "dev": true
    },
    "follow-redirects": {
      "version": "1.5.1",
      "resolved": "http://r.cnpmjs.org/follow-redirects/download/follow-redirects-1.5.1.tgz",
      "integrity": "sha1-Z6jxT1ofZ/liwsRkaceersCpApE=",
      "requires": {
        "debug": "3.1.0"
      }
    },
    "has-flag": {
      "version": "3.0.0",
      "resolved": "http://r.cnpmjs.org/has-flag/download/has-flag-3.0.0.tgz",
      "integrity": "sha1-tdRU3CGZriJWmfNGfloH87lVuv0=",
      "dev": true
    },
    "import-cwd": {
      "version": "2.1.0",
      "resolved": "http://r.cnpmjs.org/import-cwd/download/import-cwd-2.1.0.tgz",
      "integrity": "sha1-qmzzbnInYShcs3HsZRn1PiQ1sKk=",
      "dev": true,
      "requires": {
        "import-from": "2.1.0"
      }
    },
    "import-from": {
      "version": "2.1.0",
      "resolved": "http://r.cnpmjs.org/import-from/download/import-from-2.1.0.tgz",
      "integrity": "sha1-M1238qev/VOqpHHUuAId7ja387E=",
      "dev": true,
      "requires": {
        "resolve-from": "3.0.0"
      }
    },
    "is-arrayish": {
      "version": "0.2.1",
      "resolved": "http://r.cnpmjs.org/is-arrayish/download/is-arrayish-0.2.1.tgz",
      "integrity": "sha1-d8mYQFJ6qOyxqLppe4BkWnqSap0=",
      "dev": true
    },
    "is-buffer": {
      "version": "1.1.6",
      "resolved": "http://r.cnpmjs.org/is-buffer/download/is-buffer-1.1.6.tgz",
      "integrity": "sha1-76ouqdqg16suoTqXsritUf776L4="
    },
    "is-directory": {
      "version": "0.3.1",
      "resolved": "http://r.cnpmjs.org/is-directory/download/is-directory-0.3.1.tgz",
      "integrity": "sha1-YTObbyR1/Hcv2cnYP1yFddwVSuE=",
      "dev": true
    },
    "js-yaml": {
      "version": "3.12.0",
      "resolved": "http://r.cnpmjs.org/js-yaml/download/js-yaml-3.12.0.tgz",
      "integrity": "sha1-6u1lbsg0TxD1J8a/obbiJE3hZ9E=",
      "dev": true,
      "requires": {
        "argparse": "1.0.10",
        "esprima": "4.0.1"
      }
    },
    "json-parse-better-errors": {
      "version": "1.0.2",
      "resolved": "http://r.cnpmjs.org/json-parse-better-errors/download/json-parse-better-errors-1.0.2.tgz",
      "integrity": "sha1-u4Z8+zRQ5pEHwTHRxRS6s9yLyqk=",
      "dev": true
    },
    "json-schema-traverse": {
      "version": "0.4.1",
      "resolved": "http://r.cnpmjs.org/json-schema-traverse/download/json-schema-traverse-0.4.1.tgz",
      "integrity": "sha1-afaofZUTq4u4/mO9sJecRI5oRmA=",
      "dev": true
    },
    "json5": {
      "version": "0.5.1",
      "resolved": "http://r.cnpmjs.org/json5/download/json5-0.5.1.tgz",
      "integrity": "sha1-Hq3nrMASA0rYTiOWdn6tn6VJWCE=",
      "dev": true
    },
    "leaflet": {
      "version": "1.3.3",
      "resolved": "http://r.cnpmjs.org/leaflet/download/leaflet-1.3.3.tgz",
      "integrity": "sha1-XI8v1Q5KQerZOrhQ3NngWIEdqbk="
    },
    "leaflet.markercluster": {
      "version": "1.3.0",
      "resolved": "http://r.cnpmjs.org/leaflet.markercluster/download/leaflet.markercluster-1.3.0.tgz",
      "integrity": "sha1-WOsGVOkL0ydKZgOQqwvHNCErIE0="
    },
    "loader-utils": {
      "version": "1.1.0",
      "resolved": "http://r.cnpmjs.org/loader-utils/download/loader-utils-1.1.0.tgz",
      "integrity": "sha1-yYrvSIvM7aL/teLeZG1qdUQp9c0=",
      "dev": true,
      "requires": {
        "big.js": "3.2.0",
        "emojis-list": "2.1.0",
        "json5": "0.5.1"
      }
    },
    "lockr": {
      "version": "0.8.4",
      "resolved": "http://r.cnpmjs.org/lockr/download/lockr-0.8.4.tgz",
      "integrity": "sha1-dhT5x8mKYLxKxF9EVn0dA9j7STw="
    },
    "mgrs": {
      "version": "1.0.0",
      "resolved": "http://r.cnpmjs.org/mgrs/download/mgrs-1.0.0.tgz",
      "integrity": "sha1-+5FYjnjJACVnI5XLQLJffNatGCk="
    },
    "moment": {
      "version": "2.22.2",
      "resolved": "http://r.cnpmjs.org/moment/download/moment-2.22.2.tgz",
      "integrity": "sha1-PCV/mDn8DpP/UxSWMiOeuQeD/2Y="
    },
    "ms": {
      "version": "2.0.0",
      "resolved": "http://r.cnpmjs.org/ms/download/ms-2.0.0.tgz",
      "integrity": "sha1-VgiurfwAvmwpAd9fmGF4jeDVl8g="
    },
    "normalize-wheel": {
      "version": "1.0.1",
      "resolved": "http://r.cnpmjs.org/normalize-wheel/download/normalize-wheel-1.0.1.tgz",
      "integrity": "sha1-rsiGr/2wRQcNhWRH32Ls+GFG7EU="
    },
    "parse-json": {
      "version": "4.0.0",
      "resolved": "http://r.cnpmjs.org/parse-json/download/parse-json-4.0.0.tgz",
      "integrity": "sha1-vjX1Qlvh9/bHRxhPmKeIy5lHfuA=",
      "dev": true,
      "requires": {
        "error-ex": "1.3.2",
        "json-parse-better-errors": "1.0.2"
      }
    },
    "postcss": {
      "version": "6.0.23",
      "resolved": "http://r.cnpmjs.org/postcss/download/postcss-6.0.23.tgz",
      "integrity": "sha1-YcgswyisYOZ3ZF+XkFTrmLwOMyQ=",
      "dev": true,
      "requires": {
        "chalk": "2.4.1",
        "source-map": "0.6.1",
        "supports-color": "5.4.0"
      }
    },
    "postcss-load-config": {
      "version": "2.0.0",
      "resolved": "http://r.cnpmjs.org/postcss-load-config/download/postcss-load-config-2.0.0.tgz",
      "integrity": "sha1-8TEt2/WRLNdHF3CDxe96GdYu5IQ=",
      "dev": true,
      "requires": {
        "cosmiconfig": "4.0.0",
        "import-cwd": "2.1.0"
      }
    },
    "postcss-loader": {
      "version": "2.1.6",
      "resolved": "http://r.cnpmjs.org/postcss-loader/download/postcss-loader-2.1.6.tgz",
      "integrity": "sha1-HX3XsXxrojS5vtWvE+C+pApC10A=",
      "dev": true,
      "requires": {
        "loader-utils": "1.1.0",
        "postcss": "6.0.23",
        "postcss-load-config": "2.0.0",
        "schema-utils": "0.4.5"
      }
    },
    "proj4": {
      "version": "2.4.4",
      "resolved": "http://r.cnpmjs.org/proj4/download/proj4-2.4.4.tgz",
      "integrity": "sha1-wD2CXjgPaFCkp69dINNl9rcsQEI=",
      "requires": {
        "mgrs": "1.0.0",
        "wkt-parser": "1.2.1"
      }
    },
    "punycode": {
      "version": "2.1.1",
      "resolved": "http://r.cnpmjs.org/punycode/download/punycode-2.1.1.tgz",
      "integrity": "sha1-tYsBCsQMIsVldhbI0sLALHv0eew=",
      "dev": true
    },
    "regenerator-runtime": {
      "version": "0.11.1",
      "resolved": "http://r.cnpmjs.org/regenerator-runtime/download/regenerator-runtime-0.11.1.tgz",
      "integrity": "sha1-vgWtf5v30i4Fb5cmzuUBf78Z4uk="
    },
    "require-from-string": {
      "version": "2.0.2",
      "resolved": "http://r.cnpmjs.org/require-from-string/download/require-from-string-2.0.2.tgz",
      "integrity": "sha1-iaf92TgmEmcxjq/hT5wy5ZjDaQk=",
      "dev": true
    },
    "resize-observer-polyfill": {
      "version": "1.5.0",
      "resolved": "http://r.cnpmjs.org/resize-observer-polyfill/download/resize-observer-polyfill-1.5.0.tgz",
      "integrity": "sha1-Zg/x2XEqI4K6osrUUKRxYgn5ymk="
    },
    "resolve-from": {
      "version": "3.0.0",
      "resolved": "http://r.cnpmjs.org/resolve-from/download/resolve-from-3.0.0.tgz",
      "integrity": "sha1-six699nWiBvItuZTM17rywoYh0g=",
      "dev": true
    },
    "schema-utils": {
      "version": "0.4.5",
      "resolved": "http://r.cnpmjs.org/schema-utils/download/schema-utils-0.4.5.tgz",
      "integrity": "sha1-IYNvBgiqwXt4+ePiTa/xSlyhOj4=",
      "dev": true,
      "requires": {
        "ajv": "6.5.2",
        "ajv-keywords": "3.2.0"
      }
    },
    "source-map": {
      "version": "0.6.1",
      "resolved": "http://r.cnpmjs.org/source-map/download/source-map-0.6.1.tgz",
      "integrity": "sha1-dHIq8y6WFOnCh6jQu95IteLxomM=",
      "dev": true
    },
    "sprintf-js": {
      "version": "1.0.3",
      "resolved": "http://r.cnpmjs.org/sprintf-js/download/sprintf-js-1.0.3.tgz",
      "integrity": "sha1-BOaSb2YolTVPPdAVIDYzuFcpfiw=",
      "dev": true
    },
    "supports-color": {
      "version": "5.4.0",
      "resolved": "http://r.cnpmjs.org/supports-color/download/supports-color-5.4.0.tgz",
      "integrity": "sha1-HGszdALCE3YF7+GfEP7DkPb6q1Q=",
      "dev": true,
      "requires": {
        "has-flag": "3.0.0"
      }
    },
    "throttle-debounce": {
      "version": "1.1.0",
      "resolved": "http://r.cnpmjs.org/throttle-debounce/download/throttle-debounce-1.1.0.tgz",
      "integrity": "sha1-UYU9o3vmihVctugns1FKPEIuic0="
    },
    "uri-js": {
      "version": "4.2.2",
      "resolved": "http://r.cnpmjs.org/uri-js/download/uri-js-4.2.2.tgz",
      "integrity": "sha1-lMVA4f93KVbiKZUHwBCupsiDjrA=",
      "dev": true,
      "requires": {
        "punycode": "2.1.1"
      }
    },
    "vue": {
      "version": "2.5.16",
      "resolved": "http://r.cnpmjs.org/vue/download/vue-2.5.16.tgz",
      "integrity": "sha1-B+23XoQSqu7YceuvqZ9GclhKAIU="
    },
    "vue-i18n": {
      "version": "5.0.3",
      "resolved": "http://r.cnpmjs.org/vue-i18n/download/vue-i18n-5.0.3.tgz",
      "integrity": "sha1-ttlsyDJgQjfmE53kceDUyCCu2+0="
    },
    "vue-perfect-scrollbar": {
      "version": "0.1.0",
      "resolved": "http://r.cnpmjs.org/vue-perfect-scrollbar/download/vue-perfect-scrollbar-0.1.0.tgz",
      "integrity": "sha1-vhLCPRdToBP6gc65hyy1/AsbSWA="
    },
    "vue-router": {
      "version": "3.0.1",
      "resolved": "http://r.cnpmjs.org/vue-router/download/vue-router-3.0.1.tgz",
      "integrity": "sha1-2bBa2cdCC6D2JtZQDWk+YAkswek="
    },
    "vue2-leaflet": {
      "version": "1.0.2",
      "resolved": "http://r.cnpmjs.org/vue2-leaflet/download/vue2-leaflet-1.0.2.tgz",
      "integrity": "sha1-c+DAmjABXbmo3A6SVkQ6+xgNH9U=",
      "requires": {
        "leaflet": "1.3.3"
      }
    },
    "vue2-leaflet-markercluster": {
      "version": "2.0.0",
      "resolved": "http://r.cnpmjs.org/vue2-leaflet-markercluster/download/vue2-leaflet-markercluster-2.0.0.tgz",
      "integrity": "sha1-S/fH2xunZOw3v1Cjc3txWQHcHJY=",
      "requires": {
        "leaflet": "1.3.3",
        "leaflet.markercluster": "1.3.0",
        "vue2-leaflet": "1.0.2"
      }
    },
    "vuex": {
      "version": "3.0.1",
      "resolved": "http://r.cnpmjs.org/vuex/download/vuex-3.0.1.tgz",
      "integrity": "sha1-52E1Lr4K9TfUu3Vam53Evj3379I="
    },
    "wkt-parser": {
      "version": "1.2.1",
      "resolved": "http://r.cnpmjs.org/wkt-parser/download/wkt-parser-1.2.1.tgz",
      "integrity": "sha1-MzlonbxUnBA/xcdEdUNTR4X/jU0="
    },
    "zrender": {
      "version": "4.0.4",
      "resolved": "http://r.cnpmjs.org/zrender/download/zrender-4.0.4.tgz",
      "integrity": "sha1-kQ5g2IjwDJWZBz8jdY3SM0X+SP0="
    }
  }
}
